
Microsoft Visual Studio Solution File, Format Version 12.00
# Visual Studio Version 17
VisualStudioVersion = 17.0.32112.339
MinimumVisualStudioVersion = 10.0.40219.1
Project("{8BC9CEB8-8B4A-11D0-8D11-00A0C91BC942}") = "TrayIcon", "TrayIcon\TrayIcon.vcxproj", "{E06A0F4A-888C-41B3-A747-CC7088FF95B0}"
EndProject
Project("{9A19103F-16F7-4668-BE54-9A1E7A4F7556}") = "TrayIcon.Demo", "TrayIcon.Demo\TrayIcon.Demo.csproj", "{DC61AC8B-0908-4BF2-96F8-4300B7D61D1C}"
	ProjectSection(ProjectDependencies) = postProject
		{E06A0F4A-888C-41B3-A747-CC7088FF95B0} = {E06A0F4A-888C-41B3-A747-CC7088FF95B0}
	EndProjectSection
EndProject
Project("{FAE04EC0-301F-11D3-BF4B-00C04F79EFBC}") = "TrayIconProjections", "TrayIconProjections\TrayIconProjections.csproj", "{FE708296-B52A-404C-B781-12D0EBD124AD}"
EndProject
Global
	GlobalSection(SolutionConfigurationPlatforms) = preSolution
		Debug|Any CPU = Debug|Any CPU
		Debug|ARM = Debug|ARM
		Debug|ARM64 = Debug|ARM64
		Debug|x64 = Debug|x64
		Debug|x86 = Debug|x86
		Release|Any CPU = Release|Any CPU
		Release|ARM = Release|ARM
		Release|ARM64 = Release|ARM64
		Release|x64 = Release|x64
		Release|x86 = Release|x86
	EndGlobalSection
	GlobalSection(ProjectConfigurationPlatforms) = postSolution
		{E06A0F4A-888C-41B3-A747-CC7088FF95B0}.Debug|Any CPU.ActiveCfg = Debug|x64
		{E06A0F4A-888C-41B3-A747-CC7088FF95B0}.Debug|Any CPU.Build.0 = Debug|x64
		{E06A0F4A-888C-41B3-A747-CC7088FF95B0}.Debug|ARM.ActiveCfg = Debug|x64
		{E06A0F4A-888C-41B3-A747-CC7088FF95B0}.Debug|ARM.Build.0 = Debug|x64
		{E06A0F4A-888C-41B3-A747-CC7088FF95B0}.Debug|ARM64.ActiveCfg = Debug|x64
		{E06A0F4A-888C-41B3-A747-CC7088FF95B0}.Debug|ARM64.Build.0 = Debug|x64
		{E06A0F4A-888C-41B3-A747-CC7088FF95B0}.Debug|x64.ActiveCfg = Debug|x64
		{E06A0F4A-888C-41B3-A747-CC7088FF95B0}.Debug|x64.Build.0 = Debug|x64
		{E06A0F4A-888C-41B3-A747-CC7088FF95B0}.Debug|x86.ActiveCfg = Debug|Win32
		{E06A0F4A-888C-41B3-A747-CC7088FF95B0}.Debug|x86.Build.0 = Debug|Win32
		{E06A0F4A-888C-41B3-A747-CC7088FF95B0}.Release|Any CPU.ActiveCfg = Release|x64
		{E06A0F4A-888C-41B3-A747-CC7088FF95B0}.Release|Any CPU.Build.0 = Release|x64
		{E06A0F4A-888C-41B3-A747-CC7088FF95B0}.Release|ARM.ActiveCfg = Release|x64
		{E06A0F4A-888C-41B3-A747-CC7088FF95B0}.Release|ARM.Build.0 = Release|x64
		{E06A0F4A-888C-41B3-A747-CC7088FF95B0}.Release|ARM64.ActiveCfg = Release|x64
		{E06A0F4A-888C-41B3-A747-CC7088FF95B0}.Release|ARM64.Build.0 = Release|x64
		{E06A0F4A-888C-41B3-A747-CC7088FF95B0}.Release|x64.ActiveCfg = Release|x64
		{E06A0F4A-888C-41B3-A747-CC7088FF95B0}.Release|x64.Build.0 = Release|x64
		{E06A0F4A-888C-41B3-A747-CC7088FF95B0}.Release|x86.ActiveCfg = Release|Win32
		{E06A0F4A-888C-41B3-A747-CC7088FF95B0}.Release|x86.Build.0 = Release|Win32
		{DC61AC8B-0908-4BF2-96F8-4300B7D61D1C}.Debug|Any CPU.ActiveCfg = Debug|Any CPU
		{DC61AC8B-0908-4BF2-96F8-4300B7D61D1C}.Debug|Any CPU.Build.0 = Debug|Any CPU
		{DC61AC8B-0908-4BF2-96F8-4300B7D61D1C}.Debug|ARM.ActiveCfg = Debug|Any CPU
		{DC61AC8B-0908-4BF2-96F8-4300B7D61D1C}.Debug|ARM.Build.0 = Debug|Any CPU
		{DC61AC8B-0908-4BF2-96F8-4300B7D61D1C}.Debug|ARM64.ActiveCfg = Debug|Any CPU
		{DC61AC8B-0908-4BF2-96F8-4300B7D61D1C}.Debug|ARM64.Build.0 = Debug|Any CPU
		{DC61AC8B-0908-4BF2-96F8-4300B7D61D1C}.Debug|x64.ActiveCfg = Debug|x64
		{DC61AC8B-0908-4BF2-96F8-4300B7D61D1C}.Debug|x64.Build.0 = Debug|x64
		{DC61AC8B-0908-4BF2-96F8-4300B7D61D1C}.Debug|x86.ActiveCfg = Debug|Any CPU
		{DC61AC8B-0908-4BF2-96F8-4300B7D61D1C}.Debug|x86.Build.0 = Debug|Any CPU
		{DC61AC8B-0908-4BF2-96F8-4300B7D61D1C}.Release|Any CPU.ActiveCfg = Release|Any CPU
		{DC61AC8B-0908-4BF2-96F8-4300B7D61D1C}.Release|Any CPU.Build.0 = Release|Any CPU
		{DC61AC8B-0908-4BF2-96F8-4300B7D61D1C}.Release|ARM.ActiveCfg = Release|Any CPU
		{DC61AC8B-0908-4BF2-96F8-4300B7D61D1C}.Release|ARM.Build.0 = Release|Any CPU
		{DC61AC8B-0908-4BF2-96F8-4300B7D61D1C}.Release|ARM64.ActiveCfg = Release|Any CPU
		{DC61AC8B-0908-4BF2-96F8-4300B7D61D1C}.Release|ARM64.Build.0 = Release|Any CPU
		{DC61AC8B-0908-4BF2-96F8-4300B7D61D1C}.Release|x64.ActiveCfg = Release|Any CPU
		{DC61AC8B-0908-4BF2-96F8-4300B7D61D1C}.Release|x64.Build.0 = Release|Any CPU
		{DC61AC8B-0908-4BF2-96F8-4300B7D61D1C}.Release|x86.ActiveCfg = Release|Any CPU
		{DC61AC8B-0908-4BF2-96F8-4300B7D61D1C}.Release|x86.Build.0 = Release|Any CPU
		{FE708296-B52A-404C-B781-12D0EBD124AD}.Debug|Any CPU.ActiveCfg = Debug|Any CPU
		{FE708296-B52A-404C-B781-12D0EBD124AD}.Debug|Any CPU.Build.0 = Debug|Any CPU
		{FE708296-B52A-404C-B781-12D0EBD124AD}.Debug|ARM.ActiveCfg = Debug|Any CPU
		{FE708296-B52A-404C-B781-12D0EBD124AD}.Debug|ARM.Build.0 = Debug|Any CPU
		{FE708296-B52A-404C-B781-12D0EBD124AD}.Debug|ARM64.ActiveCfg = Debug|Any CPU
		{FE708296-B52A-404C-B781-12D0EBD124AD}.Debug|ARM64.Build.0 = Debug|Any CPU
		{FE708296-B52A-404C-B781-12D0EBD124AD}.Debug|x64.ActiveCfg = Debug|Any CPU
		{FE708296-B52A-404C-B781-12D0EBD124AD}.Debug|x64.Build.0 = Debug|Any CPU
		{FE708296-B52A-404C-B781-12D0EBD124AD}.Debug|x86.ActiveCfg = Debug|Any CPU
		{FE708296-B52A-404C-B781-12D0EBD124AD}.Debug|x86.Build.0 = Debug|Any CPU
		{FE708296-B52A-404C-B781-12D0EBD124AD}.Release|Any CPU.ActiveCfg = Release|Any CPU
		{FE708296-B52A-404C-B781-12D0EBD124AD}.Release|Any CPU.Build.0 = Release|Any CPU
		{FE708296-B52A-404C-B781-12D0EBD124AD}.Release|ARM.ActiveCfg = Release|Any CPU
		{FE708296-B52A-404C-B781-12D0EBD124AD}.Release|ARM.Build.0 = Release|Any CPU
		{FE708296-B52A-404C-B781-12D0EBD124AD}.Release|ARM64.ActiveCfg = Release|Any CPU
		{FE708296-B52A-404C-B781-12D0EBD124AD}.Release|ARM64.Build.0 = Release|Any CPU
		{FE708296-B52A-404C-B781-12D0EBD124AD}.Release|x64.ActiveCfg = Release|Any CPU
		{FE708296-B52A-404C-B781-12D0EBD124AD}.Release|x64.Build.0 = Release|Any CPU
		{FE708296-B52A-404C-B781-12D0EBD124AD}.Release|x86.ActiveCfg = Release|Any CPU
		{FE708296-B52A-404C-B781-12D0EBD124AD}.Release|x86.Build.0 = Release|Any CPU
	EndGlobalSection
	GlobalSection(SolutionProperties) = preSolution
		HideSolutionNode = FALSE
	EndGlobalSection
	GlobalSection(ExtensibilityGlobals) = postSolution
		SolutionGuid = {725100A5-4079-453F-B562-F89D3E803196}
	EndGlobalSection
EndGlobal
